
Microsoft Visual Studio Solution File, Format Version 12.00
# Visual Studio Version 16
VisualStudioVersion = 16.0.30002.166
MinimumVisualStudioVersion = 10.0.40219.1
Project("{FAE04EC0-301F-11D3-BF4B-00C04F79EFBC}") = "FitsAnalyzer", "FitsAnalyzer\FitsAnalyzer.csproj", "{A9514304-9085-4B02-B7A9-9358A723DD46}"
EndProject
Project("{FAE04EC0-301F-11D3-BF4B-00C04F79EFBC}") = "CSharpFITS", "FitsAnalyzer\lib\CSharpFITS\src\CSharpFITS.csproj", "{93C93A99-D18F-495E-8AC9-6B6F6F7F273E}"
EndProject
Global
	GlobalSection(SolutionConfigurationPlatforms) = preSolution
		Debug|Any CPU = Debug|Any CPU
		Release|Any CPU = Release|Any CPU
	EndGlobalSection
	GlobalSection(ProjectConfigurationPlatforms) = postSolution
		{A9514304-9085-4B02-B7A9-9358A723DD46}.Debug|Any CPU.ActiveCfg = Debug|Any CPU
		{A9514304-9085-4B02-B7A9-9358A723DD46}.Debug|Any CPU.Build.0 = Debug|Any CPU
		{A9514304-9085-4B02-B7A9-9358A723DD46}.Release|Any CPU.ActiveCfg = Release|Any CPU
		{A9514304-9085-4B02-B7A9-9358A723DD46}.Release|Any CPU.Build.0 = Release|Any CPU
		{93C93A99-D18F-495E-8AC9-6B6F6F7F273E}.Debug|Any CPU.ActiveCfg = Debug|Any CPU
		{93C93A99-D18F-495E-8AC9-6B6F6F7F273E}.Debug|Any CPU.Build.0 = Debug|Any CPU
		{93C93A99-D18F-495E-8AC9-6B6F6F7F273E}.Release|Any CPU.ActiveCfg = Release|Any CPU
		{93C93A99-D18F-495E-8AC9-6B6F6F7F273E}.Release|Any CPU.Build.0 = Release|Any CPU
	EndGlobalSection
	GlobalSection(SolutionProperties) = preSolution
		HideSolutionNode = FALSE
	EndGlobalSection
	GlobalSection(ExtensibilityGlobals) = postSolution
		SolutionGuid = {91E159D9-1BC2-46E5-8E9A-E7AA3E988C22}
	EndGlobalSection
EndGlobal
